
Microsoft Visual Studio Solution File, Format Version 12.00
# Visual Studio Version 17
VisualStudioVersion = 17.11.35303.130
MinimumVisualStudioVersion = 10.0.40219.1
Project("{2150E333-8FDC-42A3-9474-1A3956D46DE8}") = "Task0", "Task0", "{FD5C6361-6FDC-4DF0-9394-CE9CAEA77575}"
EndProject
Project("{9A19103F-16F7-4668-BE54-9A1E7A4F7556}") = "Tyuiu.BushlyaYaV.Sprint1.Task0.V30", "Tyuiu.BushlyaYaV.Sprint1.Task0.V30\Tyuiu.BushlyaYaV.Sprint1.Task0.V30.csproj", "{E1C39DDF-F60C-4593-887C-0A18C7AFBD9B}"
EndProject
Project("{9A19103F-16F7-4668-BE54-9A1E7A4F7556}") = "Tyuiu.BushlyaYaV.Sprint1.Task0.V30.Lib", "Tyuiu.BushlyaYaV.Sprint1.Task0.V30.Lib\Tyuiu.BushlyaYaV.Sprint1.Task0.V30.Lib.csproj", "{F949D365-DEBB-49E6-9C70-9616DB1D3360}"
EndProject
Project("{9A19103F-16F7-4668-BE54-9A1E7A4F7556}") = "Tyuiu.BushlyaYaV.Sprint1.Task0.V30.Test", "Tyuiu.BushlyaYaV.Sprint1.Task0.V30.Test\Tyuiu.BushlyaYaV.Sprint1.Task0.V30.Test.csproj", "{58DE47C4-8437-423E-8306-1EB5B36FD95E}"
EndProject
Project("{2150E333-8FDC-42A3-9474-1A3956D46DE8}") = "Task1", "Task1", "{8A4D1818-CFE9-4B17-9E42-5404D2B08DCB}"
EndProject
Project("{9A19103F-16F7-4668-BE54-9A1E7A4F7556}") = "Tyuiu.BushlyaYaV.Sprint1.Task1.V6", "Tyuiu.BushlyaYaV.Sprint1.Task1.V6\Tyuiu.BushlyaYaV.Sprint1.Task1.V6.csproj", "{C67EACCC-2186-4E74-B3A5-BAF517A51445}"
EndProject
Project("{9A19103F-16F7-4668-BE54-9A1E7A4F7556}") = "Tyuiu.BushlyaYaV.Sprint1.Task1.V6.Lib", "Tyuiu.BushlyaYaV.Sprint1.Task1.V6.Lib\Tyuiu.BushlyaYaV.Sprint1.Task1.V6.Lib.csproj", "{605C34C2-9CE2-4C4A-ACFE-C618EC512037}"
EndProject
Project("{9A19103F-16F7-4668-BE54-9A1E7A4F7556}") = "Tyuiu.BushlyaYaV.Sprint1.Task1.V6.Test", "Tyuiu.BushlyaYaV.Sprint1.Task1.V6.Test\Tyuiu.BushlyaYaV.Sprint1.Task1.V6.Test.csproj", "{C54CFF56-D38A-43E6-AFBC-5EEE91A43409}"
EndProject
Project("{2150E333-8FDC-42A3-9474-1A3956D46DE8}") = "Task2", "Task2", "{3500ABEC-E1EB-4BFC-BFF4-F0903093931F}"
EndProject
Project("{9A19103F-16F7-4668-BE54-9A1E7A4F7556}") = "Tyuiu.BushlyaYaV.Sprint1.Task2.V5", "Tyuiu.BushlyaYaV.Sprint1.Task2.V5\Tyuiu.BushlyaYaV.Sprint1.Task2.V5.csproj", "{E0BE04CC-B402-468C-B458-8C3DF59BF090}"
EndProject
Project("{9A19103F-16F7-4668-BE54-9A1E7A4F7556}") = "Tyuiu.BushlyaYaV.Sprint1.Task2.V5.Lib", "Tyuiu.BushlyaYaV.Sprint1.Task2.V5.Lib\Tyuiu.BushlyaYaV.Sprint1.Task2.V5.Lib.csproj", "{658B2D79-DD70-4FC7-9F38-4D5A9FF10FD3}"
EndProject
Project("{9A19103F-16F7-4668-BE54-9A1E7A4F7556}") = "Tyuiu.BushlyaYaV.Sprint1.Task2.V5.Test", "Tyuiu.BushlyaYaV.Sprint1.Task2.V5.Test\Tyuiu.BushlyaYaV.Sprint1.Task2.V5.Test.csproj", "{0EEBEDFC-A70F-4542-98F9-A671670519D2}"
EndProject
Project("{2150E333-8FDC-42A3-9474-1A3956D46DE8}") = "Task3", "Task3", "{AAF805FC-98B0-44A4-9B0D-82C4235F9A3A}"
EndProject
Project("{9A19103F-16F7-4668-BE54-9A1E7A4F7556}") = "Tyuiu.BushlyaYaV.Sprint1.Task3.V7", "Tyuiu.BushlyaYaV.Sprint1.Task3.V7\Tyuiu.BushlyaYaV.Sprint1.Task3.V7.csproj", "{A4F6BDCC-6E4B-4643-9BF6-C2C6236D1467}"
EndProject
Project("{9A19103F-16F7-4668-BE54-9A1E7A4F7556}") = "Tyuiu.BushlyaYaV.Sprint1.Task3.V7.Lib", "Tyuiu.BushlyaYaV.Sprint1.Task3.V7.Lib\Tyuiu.BushlyaYaV.Sprint1.Task3.V7.Lib.csproj", "{B87F9EDB-D4E1-432F-907C-7B947075FBA9}"
EndProject
Project("{9A19103F-16F7-4668-BE54-9A1E7A4F7556}") = "Tyuiu.BushlyaYaV.Sprint1.Task3.V7.Test", "Tyuiu.BushlyaYaV.Sprint1.Task3.V7.Test\Tyuiu.BushlyaYaV.Sprint1.Task3.V7.Test.csproj", "{58DDF9BC-D350-4CA8-91C8-ED0E05CFCEBE}"
EndProject
Project("{2150E333-8FDC-42A3-9474-1A3956D46DE8}") = "Task4", "Task4", "{9B7901E0-14A1-43E9-B78D-2F157A88955B}"
EndProject
Project("{FAE04EC0-301F-11D3-BF4B-00C04F79EFBC}") = "Tyuiu.BushlyaYaV.Sprint1.Task4.V16", "Tyuiu.BushlyaYaV.Sprint1.Task4.V16\Tyuiu.BushlyaYaV.Sprint1.Task4.V16.csproj", "{9B2FAEC6-35FF-4B2E-8A7A-F24F83F91BF1}"
EndProject
Project("{FAE04EC0-301F-11D3-BF4B-00C04F79EFBC}") = "Tyuiu.BushlyaYaV.Sprint1.Task4.V16.Lib", "Tyuiu.BushlyaYaV.Sprint1.Task4.V16.Lib\Tyuiu.BushlyaYaV.Sprint1.Task4.V16.Lib.csproj", "{0FD0AA5F-2435-4E61-98A3-6DF6A34DD386}"
EndProject
Project("{FAE04EC0-301F-11D3-BF4B-00C04F79EFBC}") = "Tyuiu.BushlyaYaV.Sprint1.Task4.V16.Test", "Tyuiu.BushlyaYaV.Sprint1.Task4.V16.Test\Tyuiu.BushlyaYaV.Sprint1.Task4.V16.Test.csproj", "{2F200961-D90E-4D32-BEA5-3D524F0C2614}"
EndProject
Project("{2150E333-8FDC-42A3-9474-1A3956D46DE8}") = "Task5", "Task5", "{AC4B196A-32F9-44FF-8177-FB1473CD1150}"
EndProject
Project("{FAE04EC0-301F-11D3-BF4B-00C04F79EFBC}") = "Tyuiu.BushlyaYaV.Sprint1.Task5.V5", "Tyuiu.BushlyaYaV.Sprint1.Task5.V5\Tyuiu.BushlyaYaV.Sprint1.Task5.V5.csproj", "{2B1C76B3-B070-4214-92DC-D6C9DDD7FCA4}"
EndProject
Project("{FAE04EC0-301F-11D3-BF4B-00C04F79EFBC}") = "Tyuiu.BushlyaYaV.Sprint1.Task5.V5.Lib", "Tyuiu.BushlyaYaV.Sprint1.Task5.V5.Lib\Tyuiu.BushlyaYaV.Sprint1.Task5.V5.Lib.csproj", "{31E2414E-F147-455A-B036-EC5DB3316307}"
EndProject
Project("{FAE04EC0-301F-11D3-BF4B-00C04F79EFBC}") = "Tyuiu.BushlyaYaV.Sprint1.Task5.V5.Test", "Tyuiu.BushlyaYaV.Sprint1.Task5.V5.Test\Tyuiu.BushlyaYaV.Sprint1.Task5.V5.Test.csproj", "{D4416B46-9755-4949-BC70-87478BEF6BFE}"
EndProject
Global
	GlobalSection(SolutionConfigurationPlatforms) = preSolution
		Debug|Any CPU = Debug|Any CPU
		Release|Any CPU = Release|Any CPU
	EndGlobalSection
	GlobalSection(ProjectConfigurationPlatforms) = postSolution
		{E1C39DDF-F60C-4593-887C-0A18C7AFBD9B}.Debug|Any CPU.ActiveCfg = Debug|Any CPU
		{E1C39DDF-F60C-4593-887C-0A18C7AFBD9B}.Debug|Any CPU.Build.0 = Debug|Any CPU
		{E1C39DDF-F60C-4593-887C-0A18C7AFBD9B}.Release|Any CPU.ActiveCfg = Release|Any CPU
		{E1C39DDF-F60C-4593-887C-0A18C7AFBD9B}.Release|Any CPU.Build.0 = Release|Any CPU
		{F949D365-DEBB-49E6-9C70-9616DB1D3360}.Debug|Any CPU.ActiveCfg = Debug|Any CPU
		{F949D365-DEBB-49E6-9C70-9616DB1D3360}.Debug|Any CPU.Build.0 = Debug|Any CPU
		{F949D365-DEBB-49E6-9C70-9616DB1D3360}.Release|Any CPU.ActiveCfg = Release|Any CPU
		{F949D365-DEBB-49E6-9C70-9616DB1D3360}.Release|Any CPU.Build.0 = Release|Any CPU
		{58DE47C4-8437-423E-8306-1EB5B36FD95E}.Debug|Any CPU.ActiveCfg = Debug|Any CPU
		{58DE47C4-8437-423E-8306-1EB5B36FD95E}.Debug|Any CPU.Build.0 = Debug|Any CPU
		{58DE47C4-8437-423E-8306-1EB5B36FD95E}.Release|Any CPU.ActiveCfg = Release|Any CPU
		{58DE47C4-8437-423E-8306-1EB5B36FD95E}.Release|Any CPU.Build.0 = Release|Any CPU
		{C67EACCC-2186-4E74-B3A5-BAF517A51445}.Debug|Any CPU.ActiveCfg = Debug|Any CPU
		{C67EACCC-2186-4E74-B3A5-BAF517A51445}.Debug|Any CPU.Build.0 = Debug|Any CPU
		{C67EACCC-2186-4E74-B3A5-BAF517A51445}.Release|Any CPU.ActiveCfg = Release|Any CPU
		{C67EACCC-2186-4E74-B3A5-BAF517A51445}.Release|Any CPU.Build.0 = Release|Any CPU
		{605C34C2-9CE2-4C4A-ACFE-C618EC512037}.Debug|Any CPU.ActiveCfg = Debug|Any CPU
		{605C34C2-9CE2-4C4A-ACFE-C618EC512037}.Debug|Any CPU.Build.0 = Debug|Any CPU
		{605C34C2-9CE2-4C4A-ACFE-C618EC512037}.Release|Any CPU.ActiveCfg = Release|Any CPU
		{605C34C2-9CE2-4C4A-ACFE-C618EC512037}.Release|Any CPU.Build.0 = Release|Any CPU
		{C54CFF56-D38A-43E6-AFBC-5EEE91A43409}.Debug|Any CPU.ActiveCfg = Debug|Any CPU
		{C54CFF56-D38A-43E6-AFBC-5EEE91A43409}.Debug|Any CPU.Build.0 = Debug|Any CPU
		{C54CFF56-D38A-43E6-AFBC-5EEE91A43409}.Release|Any CPU.ActiveCfg = Release|Any CPU
		{C54CFF56-D38A-43E6-AFBC-5EEE91A43409}.Release|Any CPU.Build.0 = Release|Any CPU
		{E0BE04CC-B402-468C-B458-8C3DF59BF090}.Debug|Any CPU.ActiveCfg = Debug|Any CPU
		{E0BE04CC-B402-468C-B458-8C3DF59BF090}.Debug|Any CPU.Build.0 = Debug|Any CPU
		{E0BE04CC-B402-468C-B458-8C3DF59BF090}.Release|Any CPU.ActiveCfg = Release|Any CPU
		{E0BE04CC-B402-468C-B458-8C3DF59BF090}.Release|Any CPU.Build.0 = Release|Any CPU
		{658B2D79-DD70-4FC7-9F38-4D5A9FF10FD3}.Debug|Any CPU.ActiveCfg = Debug|Any CPU
		{658B2D79-DD70-4FC7-9F38-4D5A9FF10FD3}.Debug|Any CPU.Build.0 = Debug|Any CPU
		{658B2D79-DD70-4FC7-9F38-4D5A9FF10FD3}.Release|Any CPU.ActiveCfg = Release|Any CPU
		{658B2D79-DD70-4FC7-9F38-4D5A9FF10FD3}.Release|Any CPU.Build.0 = Release|Any CPU
		{0EEBEDFC-A70F-4542-98F9-A671670519D2}.Debug|Any CPU.ActiveCfg = Debug|Any CPU
		{0EEBEDFC-A70F-4542-98F9-A671670519D2}.Debug|Any CPU.Build.0 = Debug|Any CPU
		{0EEBEDFC-A70F-4542-98F9-A671670519D2}.Release|Any CPU.ActiveCfg = Release|Any CPU
		{0EEBEDFC-A70F-4542-98F9-A671670519D2}.Release|Any CPU.Build.0 = Release|Any CPU
		{A4F6BDCC-6E4B-4643-9BF6-C2C6236D1467}.Debug|Any CPU.ActiveCfg = Debug|Any CPU
		{A4F6BDCC-6E4B-4643-9BF6-C2C6236D1467}.Debug|Any CPU.Build.0 = Debug|Any CPU
		{A4F6BDCC-6E4B-4643-9BF6-C2C6236D1467}.Release|Any CPU.ActiveCfg = Release|Any CPU
		{A4F6BDCC-6E4B-4643-9BF6-C2C6236D1467}.Release|Any CPU.Build.0 = Release|Any CPU
		{B87F9EDB-D4E1-432F-907C-7B947075FBA9}.Debug|Any CPU.ActiveCfg = Debug|Any CPU
		{B87F9EDB-D4E1-432F-907C-7B947075FBA9}.Debug|Any CPU.Build.0 = Debug|Any CPU
		{B87F9EDB-D4E1-432F-907C-7B947075FBA9}.Release|Any CPU.ActiveCfg = Release|Any CPU
		{B87F9EDB-D4E1-432F-907C-7B947075FBA9}.Release|Any CPU.Build.0 = Release|Any CPU
		{58DDF9BC-D350-4CA8-91C8-ED0E05CFCEBE}.Debug|Any CPU.ActiveCfg = Debug|Any CPU
		{58DDF9BC-D350-4CA8-91C8-ED0E05CFCEBE}.Debug|Any CPU.Build.0 = Debug|Any CPU
		{58DDF9BC-D350-4CA8-91C8-ED0E05CFCEBE}.Release|Any CPU.ActiveCfg = Release|Any CPU
		{58DDF9BC-D350-4CA8-91C8-ED0E05CFCEBE}.Release|Any CPU.Build.0 = Release|Any CPU
		{9B2FAEC6-35FF-4B2E-8A7A-F24F83F91BF1}.Debug|Any CPU.ActiveCfg = Debug|Any CPU
		{9B2FAEC6-35FF-4B2E-8A7A-F24F83F91BF1}.Debug|Any CPU.Build.0 = Debug|Any CPU
		{9B2FAEC6-35FF-4B2E-8A7A-F24F83F91BF1}.Release|Any CPU.ActiveCfg = Release|Any CPU
		{9B2FAEC6-35FF-4B2E-8A7A-F24F83F91BF1}.Release|Any CPU.Build.0 = Release|Any CPU
		{0FD0AA5F-2435-4E61-98A3-6DF6A34DD386}.Debug|Any CPU.ActiveCfg = Debug|Any CPU
		{0FD0AA5F-2435-4E61-98A3-6DF6A34DD386}.Debug|Any CPU.Build.0 = Debug|Any CPU
		{0FD0AA5F-2435-4E61-98A3-6DF6A34DD386}.Release|Any CPU.ActiveCfg = Release|Any CPU
		{0FD0AA5F-2435-4E61-98A3-6DF6A34DD386}.Release|Any CPU.Build.0 = Release|Any CPU
		{2F200961-D90E-4D32-BEA5-3D524F0C2614}.Debug|Any CPU.ActiveCfg = Debug|Any CPU
		{2F200961-D90E-4D32-BEA5-3D524F0C2614}.Debug|Any CPU.Build.0 = Debug|Any CPU
		{2F200961-D90E-4D32-BEA5-3D524F0C2614}.Release|Any CPU.ActiveCfg = Release|Any CPU
		{2F200961-D90E-4D32-BEA5-3D524F0C2614}.Release|Any CPU.Build.0 = Release|Any CPU
		{2B1C76B3-B070-4214-92DC-D6C9DDD7FCA4}.Debug|Any CPU.ActiveCfg = Debug|Any CPU
		{2B1C76B3-B070-4214-92DC-D6C9DDD7FCA4}.Debug|Any CPU.Build.0 = Debug|Any CPU
		{2B1C76B3-B070-4214-92DC-D6C9DDD7FCA4}.Release|Any CPU.ActiveCfg = Release|Any CPU
		{2B1C76B3-B070-4214-92DC-D6C9DDD7FCA4}.Release|Any CPU.Build.0 = Release|Any CPU
		{31E2414E-F147-455A-B036-EC5DB3316307}.Debug|Any CPU.ActiveCfg = Debug|Any CPU
		{31E2414E-F147-455A-B036-EC5DB3316307}.Debug|Any CPU.Build.0 = Debug|Any CPU
		{31E2414E-F147-455A-B036-EC5DB3316307}.Release|Any CPU.ActiveCfg = Release|Any CPU
		{31E2414E-F147-455A-B036-EC5DB3316307}.Release|Any CPU.Build.0 = Release|Any CPU
		{D4416B46-9755-4949-BC70-87478BEF6BFE}.Debug|Any CPU.ActiveCfg = Debug|Any CPU
		{D4416B46-9755-4949-BC70-87478BEF6BFE}.Debug|Any CPU.Build.0 = Debug|Any CPU
		{D4416B46-9755-4949-BC70-87478BEF6BFE}.Release|Any CPU.ActiveCfg = Release|Any CPU
		{D4416B46-9755-4949-BC70-87478BEF6BFE}.Release|Any CPU.Build.0 = Release|Any CPU
	EndGlobalSection
	GlobalSection(SolutionProperties) = preSolution
		HideSolutionNode = FALSE
	EndGlobalSection
	GlobalSection(NestedProjects) = preSolution
		{E1C39DDF-F60C-4593-887C-0A18C7AFBD9B} = {FD5C6361-6FDC-4DF0-9394-CE9CAEA77575}
		{F949D365-DEBB-49E6-9C70-9616DB1D3360} = {FD5C6361-6FDC-4DF0-9394-CE9CAEA77575}
		{58DE47C4-8437-423E-8306-1EB5B36FD95E} = {FD5C6361-6FDC-4DF0-9394-CE9CAEA77575}
		{C67EACCC-2186-4E74-B3A5-BAF517A51445} = {8A4D1818-CFE9-4B17-9E42-5404D2B08DCB}
		{605C34C2-9CE2-4C4A-ACFE-C618EC512037} = {8A4D1818-CFE9-4B17-9E42-5404D2B08DCB}
		{C54CFF56-D38A-43E6-AFBC-5EEE91A43409} = {8A4D1818-CFE9-4B17-9E42-5404D2B08DCB}
		{E0BE04CC-B402-468C-B458-8C3DF59BF090} = {3500ABEC-E1EB-4BFC-BFF4-F0903093931F}
		{658B2D79-DD70-4FC7-9F38-4D5A9FF10FD3} = {3500ABEC-E1EB-4BFC-BFF4-F0903093931F}
		{0EEBEDFC-A70F-4542-98F9-A671670519D2} = {3500ABEC-E1EB-4BFC-BFF4-F0903093931F}
		{A4F6BDCC-6E4B-4643-9BF6-C2C6236D1467} = {AAF805FC-98B0-44A4-9B0D-82C4235F9A3A}
		{B87F9EDB-D4E1-432F-907C-7B947075FBA9} = {AAF805FC-98B0-44A4-9B0D-82C4235F9A3A}
		{58DDF9BC-D350-4CA8-91C8-ED0E05CFCEBE} = {AAF805FC-98B0-44A4-9B0D-82C4235F9A3A}
		{9B2FAEC6-35FF-4B2E-8A7A-F24F83F91BF1} = {9B7901E0-14A1-43E9-B78D-2F157A88955B}
		{0FD0AA5F-2435-4E61-98A3-6DF6A34DD386} = {9B7901E0-14A1-43E9-B78D-2F157A88955B}
		{2F200961-D90E-4D32-BEA5-3D524F0C2614} = {9B7901E0-14A1-43E9-B78D-2F157A88955B}
		{2B1C76B3-B070-4214-92DC-D6C9DDD7FCA4} = {AC4B196A-32F9-44FF-8177-FB1473CD1150}
		{31E2414E-F147-455A-B036-EC5DB3316307} = {AC4B196A-32F9-44FF-8177-FB1473CD1150}
		{D4416B46-9755-4949-BC70-87478BEF6BFE} = {AC4B196A-32F9-44FF-8177-FB1473CD1150}
	EndGlobalSection
	GlobalSection(ExtensibilityGlobals) = postSolution
		SolutionGuid = {6990D07D-D0C3-4D8A-88D2-02C2DCA59E9E}
	EndGlobalSection
EndGlobal
